
Microsoft Visual Studio Solution File, Format Version 12.00
# Visual Studio Version 16
VisualStudioVersion = 25.0.1700.7
MinimumVisualStudioVersion = 10.0.40219.1
Project("{FAE04EC0-301F-11D3-BF4B-00C04F79EFBC}") = "REACT", "REACT.csproj", "{C6011D6A-F1E8-4DE6-BCDD-A4927B6C10A6}"
EndProject
Global
	GlobalSection(SolutionConfigurationPlatforms) = preSolution
		Debug|Any CPU = Debug|Any CPU
		Release|Any CPU = Release|Any CPU
	EndGlobalSection
	GlobalSection(ProjectConfigurationPlatforms) = postSolution
		{C6011D6A-F1E8-4DE6-BCDD-A4927B6C10A6}.Debug|Any CPU.ActiveCfg = Debug|Any CPU
		{C6011D6A-F1E8-4DE6-BCDD-A4927B6C10A6}.Debug|Any CPU.Build.0 = Debug|Any CPU
		{C6011D6A-F1E8-4DE6-BCDD-A4927B6C10A6}.Release|Any CPU.ActiveCfg = Release|Any CPU
		{C6011D6A-F1E8-4DE6-BCDD-A4927B6C10A6}.Release|Any CPU.Build.0 = Release|Any CPU
	EndGlobalSection
	GlobalSection(SolutionProperties) = preSolution
		HideSolutionNode = FALSE
	EndGlobalSection
	GlobalSection(ExtensibilityGlobals) = postSolution
		SolutionGuid = {FCEA2519-8952-4AF0-8135-B5400A70069F}
	EndGlobalSection
EndGlobal
